
Microsoft Visual Studio Solution File, Format Version 12.00
# Visual Studio 15
VisualStudioVersion = 15.0.26730.10
MinimumVisualStudioVersion = 10.0.40219.1
Project("{2150E333-8FDC-42A3-9474-1A3956D46DE8}") = ".paket", ".paket", "{BA2A4A47-A5E6-4208-8CC5-C76899D879F3}"
	ProjectSection(SolutionItems) = preProject
		paket.dependencies = paket.dependencies
	EndProjectSection
EndProject
Project("{FAE04EC0-301F-11D3-BF4B-00C04F79EFBC}") = "MskManager.Main", "MskManager.Main\MskManager.Main.csproj", "{D0D1F34E-A4CF-43C5-B20A-5D4108FC6D1A}"
EndProject
Project("{FAE04EC0-301F-11D3-BF4B-00C04F79EFBC}") = "MskManager.Common", "MskManager.Common\MskManager.Common.csproj", "{BDBF1722-01BE-48DC-946D-AE18A63FBE4E}"
EndProject
Project("{2150E333-8FDC-42A3-9474-1A3956D46DE8}") = "Microservices", "Microservices", "{B47579E6-8D2E-404D-95E7-80E76A3367B5}"
EndProject
Project("{FAE04EC0-301F-11D3-BF4B-00C04F79EFBC}") = "MskManager.Scrapper", "MskManager.Scrapper\MskManager.Scrapper.csproj", "{365C1D68-9405-4C9D-AB11-6914A5E91D35}"
EndProject
Project("{FAE04EC0-301F-11D3-BF4B-00C04F79EFBC}") = "MskManager.Common.Test", "MskManager.Common.Test\MskManager.Common.Test.csproj", "{99FEEA0E-5DF5-4F5A-953C-2661D1FBA69A}"
EndProject
Project("{2150E333-8FDC-42A3-9474-1A3956D46DE8}") = "Tests", "Tests", "{5FFE651A-8D1C-4EEA-98A9-9FFA9D0C0D95}"
EndProject
Project("{2150E333-8FDC-42A3-9474-1A3956D46DE8}") = "Microservices", "Microservices", "{5B299C5A-0648-41CF-96A9-577EACBED25C}"
EndProject
Project("{FAE04EC0-301F-11D3-BF4B-00C04F79EFBC}") = "MskManager.Scrapper.Test", "MskManager.Scrapper.Test\MskManager.Scrapper.Test.csproj", "{8E095D81-F614-47CE-A3EA-335C42A20EAF}"
EndProject
Global
	GlobalSection(SolutionConfigurationPlatforms) = preSolution
		Debug|Any CPU = Debug|Any CPU
		Release|Any CPU = Release|Any CPU
	EndGlobalSection
	GlobalSection(ProjectConfigurationPlatforms) = postSolution
		{D0D1F34E-A4CF-43C5-B20A-5D4108FC6D1A}.Debug|Any CPU.ActiveCfg = Debug|Any CPU
		{D0D1F34E-A4CF-43C5-B20A-5D4108FC6D1A}.Debug|Any CPU.Build.0 = Debug|Any CPU
		{D0D1F34E-A4CF-43C5-B20A-5D4108FC6D1A}.Release|Any CPU.ActiveCfg = Release|Any CPU
		{D0D1F34E-A4CF-43C5-B20A-5D4108FC6D1A}.Release|Any CPU.Build.0 = Release|Any CPU
		{BDBF1722-01BE-48DC-946D-AE18A63FBE4E}.Debug|Any CPU.ActiveCfg = Debug|Any CPU
		{BDBF1722-01BE-48DC-946D-AE18A63FBE4E}.Debug|Any CPU.Build.0 = Debug|Any CPU
		{BDBF1722-01BE-48DC-946D-AE18A63FBE4E}.Release|Any CPU.ActiveCfg = Release|Any CPU
		{BDBF1722-01BE-48DC-946D-AE18A63FBE4E}.Release|Any CPU.Build.0 = Release|Any CPU
		{365C1D68-9405-4C9D-AB11-6914A5E91D35}.Debug|Any CPU.ActiveCfg = Debug|Any CPU
		{365C1D68-9405-4C9D-AB11-6914A5E91D35}.Debug|Any CPU.Build.0 = Debug|Any CPU
		{365C1D68-9405-4C9D-AB11-6914A5E91D35}.Release|Any CPU.ActiveCfg = Release|Any CPU
		{365C1D68-9405-4C9D-AB11-6914A5E91D35}.Release|Any CPU.Build.0 = Release|Any CPU
		{99FEEA0E-5DF5-4F5A-953C-2661D1FBA69A}.Debug|Any CPU.ActiveCfg = Debug|Any CPU
		{99FEEA0E-5DF5-4F5A-953C-2661D1FBA69A}.Debug|Any CPU.Build.0 = Debug|Any CPU
		{99FEEA0E-5DF5-4F5A-953C-2661D1FBA69A}.Release|Any CPU.ActiveCfg = Release|Any CPU
		{99FEEA0E-5DF5-4F5A-953C-2661D1FBA69A}.Release|Any CPU.Build.0 = Release|Any CPU
		{8E095D81-F614-47CE-A3EA-335C42A20EAF}.Debug|Any CPU.ActiveCfg = Debug|Any CPU
		{8E095D81-F614-47CE-A3EA-335C42A20EAF}.Debug|Any CPU.Build.0 = Debug|Any CPU
		{8E095D81-F614-47CE-A3EA-335C42A20EAF}.Release|Any CPU.ActiveCfg = Release|Any CPU
		{8E095D81-F614-47CE-A3EA-335C42A20EAF}.Release|Any CPU.Build.0 = Release|Any CPU
	EndGlobalSection
	GlobalSection(SolutionProperties) = preSolution
		HideSolutionNode = FALSE
	EndGlobalSection
	GlobalSection(NestedProjects) = preSolution
		{365C1D68-9405-4C9D-AB11-6914A5E91D35} = {B47579E6-8D2E-404D-95E7-80E76A3367B5}
		{99FEEA0E-5DF5-4F5A-953C-2661D1FBA69A} = {5FFE651A-8D1C-4EEA-98A9-9FFA9D0C0D95}
		{5B299C5A-0648-41CF-96A9-577EACBED25C} = {5FFE651A-8D1C-4EEA-98A9-9FFA9D0C0D95}
		{8E095D81-F614-47CE-A3EA-335C42A20EAF} = {5B299C5A-0648-41CF-96A9-577EACBED25C}
	EndGlobalSection
	GlobalSection(ExtensibilityGlobals) = postSolution
		SolutionGuid = {27A856A0-42EB-4B9A-9944-09D700C92C16}
	EndGlobalSection
EndGlobal
